
Microsoft Visual Studio Solution File, Format Version 12.00
# Visual Studio Version 16
VisualStudioVersion = 16.0.32002.261
MinimumVisualStudioVersion = 10.0.40219.1
Project("{FAE04EC0-301F-11D3-BF4B-00C04F79EFBC}") = "Plotting_Audio_Waveforms", "Plotting_Audio_Waveforms\Plotting_Audio_Waveforms.csproj", "{459BC484-2393-4B72-91B0-7447B8DE251B}"
EndProject
Global
	GlobalSection(SolutionConfigurationPlatforms) = preSolution
		Debug|Any CPU = Debug|Any CPU
		Release|Any CPU = Release|Any CPU
	EndGlobalSection
	GlobalSection(ProjectConfigurationPlatforms) = postSolution
		{459BC484-2393-4B72-91B0-7447B8DE251B}.Debug|Any CPU.ActiveCfg = Debug|Any CPU
		{459BC484-2393-4B72-91B0-7447B8DE251B}.Debug|Any CPU.Build.0 = Debug|Any CPU
		{459BC484-2393-4B72-91B0-7447B8DE251B}.Release|Any CPU.ActiveCfg = Release|Any CPU
		{459BC484-2393-4B72-91B0-7447B8DE251B}.Release|Any CPU.Build.0 = Release|Any CPU
	EndGlobalSection
	GlobalSection(SolutionProperties) = preSolution
		HideSolutionNode = FALSE
	EndGlobalSection
	GlobalSection(ExtensibilityGlobals) = postSolution
		SolutionGuid = {4CF9E725-A065-4F4C-BE1D-7B79667466D9}
	EndGlobalSection
EndGlobal
